
Microsoft Visual Studio Solution File, Format Version 12.00
# Visual Studio Version 16
VisualStudioVersion = 16.0.29905.134
MinimumVisualStudioVersion = 10.0.40219.1
Project("{9A19103F-16F7-4668-BE54-9A1E7A4F7556}") = "Panosen.Resource.Npm", "Panosen.Resource.Npm\Panosen.Resource.Npm.csproj", "{2087F9C2-22C0-47CD-9832-C76AF43C3BBF}"
EndProject
Global
	GlobalSection(SolutionConfigurationPlatforms) = preSolution
		Debug|Any CPU = Debug|Any CPU
		Release|Any CPU = Release|Any CPU
	EndGlobalSection
	GlobalSection(ProjectConfigurationPlatforms) = postSolution
		{2087F9C2-22C0-47CD-9832-C76AF43C3BBF}.Debug|Any CPU.ActiveCfg = Debug|Any CPU
		{2087F9C2-22C0-47CD-9832-C76AF43C3BBF}.Debug|Any CPU.Build.0 = Debug|Any CPU
		{2087F9C2-22C0-47CD-9832-C76AF43C3BBF}.Release|Any CPU.ActiveCfg = Release|Any CPU
		{2087F9C2-22C0-47CD-9832-C76AF43C3BBF}.Release|Any CPU.Build.0 = Release|Any CPU
	EndGlobalSection
	GlobalSection(SolutionProperties) = preSolution
		HideSolutionNode = FALSE
	EndGlobalSection
	GlobalSection(ExtensibilityGlobals) = postSolution
		SolutionGuid = {CCF57BEE-3094-4FEA-A753-7A08AAEDDA93}
	EndGlobalSection
EndGlobal
